{
  "originHash" : "39b4c0a1a2a6fa42ccd108e64cebe1a367dc0356e98a891118f58e8085288e07",
  "pins" : [
    {
      "identity" : "capacitor-swift-pm",
      "kind" : "remoteSourceControl",
      "location" : "https://github.com/ionic-team/capacitor-swift-pm.git",
      "state" : {
        "revision" : "6afa7424fd2fcd8ca1e577478e8a00af284b7e82",
        "version" : "8.5.1"
      }
    }
  ],
  "version" : 3
}
